
Microsoft Visual Studio Solution File, Format Version 12.00
# Visual Studio Version 17
VisualStudioVersion = 17.13.35806.99
MinimumVisualStudioVersion = 10.0.40219.1
Project("{FAE04EC0-301F-11D3-BF4B-00C04F79EFBC}") = "TestHostPrerenderWASM", "TestHostPrerenderWASM\TestHostPrerenderWASM\TestHostPrerenderWASM.csproj", "{58F22C95-434F-4ABF-99B3-B2D1481DB0D6}"
EndProject
Project("{FAE04EC0-301F-11D3-BF4B-00C04F79EFBC}") = "TestHostPrerenderWASM.Client", "TestHostPrerenderWASM\TestHostPrerenderWASM.Client\TestHostPrerenderWASM.Client.csproj", "{A0572B2F-4669-40C4-B501-7C8F7666CFEA}"
EndProject
Project("{FAE04EC0-301F-11D3-BF4B-00C04F79EFBC}") = "SharedPages", "SharedPages\SharedPages.csproj", "{0E0B57E0-D02F-46FD-B7F6-5AB1D3218635}"
	ProjectSection(ProjectDependencies) = postProject
		{2E99AC55-7D92-42AD-9D85-7AACA5022A0A} = {2E99AC55-7D92-42AD-9D85-7AACA5022A0A}
	EndProjectSection
EndProject
Project("{FAE04EC0-301F-11D3-BF4B-00C04F79EFBC}") = "Package.BlazorComponentLibrary", "Package.BlazorComponentLibrary\Package.BlazorComponentLibrary.csproj", "{2E99AC55-7D92-42AD-9D85-7AACA5022A0A}"
EndProject
Project("{FAE04EC0-301F-11D3-BF4B-00C04F79EFBC}") = "PlaywrightBUnitGoesHere", "PlaywrightXUnitGoesHere\PlaywrightBUnitGoesHere.csproj", "{3A0A52E1-117C-4E4B-9731-5AAA8CED114A}"
EndProject
Project("{FAE04EC0-301F-11D3-BF4B-00C04F79EFBC}") = "GitPageBlazorWASMProgressive", "GitPageBlazorWASMProgressive\GitPageBlazorWASMProgressive.csproj", "{1A4888E4-D985-4FEB-B6C4-B84EB845C6BA}"
EndProject
Project("{2150E333-8FDC-42A3-9474-1A3956D46DE8}") = "Solution Items", "Solution Items", "{8EC462FD-D22E-90A8-E5CE-7E832BA40C5D}"
	ProjectSection(SolutionItems) = preProject
		Directory.Build.props = Directory.Build.props
		Directory.Packages.props = Directory.Packages.props
		global.json = global.json
		PackageSettings.props = PackageSettings.props
		nuget.config.template = nuget.config.template
		PackageSettings.props.local = PackageSettings.props.local
	EndProjectSection
EndProject
Global
	GlobalSection(SolutionConfigurationPlatforms) = preSolution
		Debug|Any CPU = Debug|Any CPU
		Release|Any CPU = Release|Any CPU
	EndGlobalSection
	GlobalSection(ProjectConfigurationPlatforms) = postSolution
		{58F22C95-434F-4ABF-99B3-B2D1481DB0D6}.Debug|Any CPU.ActiveCfg = Debug|Any CPU
		{58F22C95-434F-4ABF-99B3-B2D1481DB0D6}.Debug|Any CPU.Build.0 = Debug|Any CPU
		{58F22C95-434F-4ABF-99B3-B2D1481DB0D6}.Release|Any CPU.ActiveCfg = Release|Any CPU
		{58F22C95-434F-4ABF-99B3-B2D1481DB0D6}.Release|Any CPU.Build.0 = Release|Any CPU
		{A0572B2F-4669-40C4-B501-7C8F7666CFEA}.Debug|Any CPU.ActiveCfg = Debug|Any CPU
		{A0572B2F-4669-40C4-B501-7C8F7666CFEA}.Debug|Any CPU.Build.0 = Debug|Any CPU
		{A0572B2F-4669-40C4-B501-7C8F7666CFEA}.Release|Any CPU.ActiveCfg = Release|Any CPU
		{A0572B2F-4669-40C4-B501-7C8F7666CFEA}.Release|Any CPU.Build.0 = Release|Any CPU
		{0E0B57E0-D02F-46FD-B7F6-5AB1D3218635}.Debug|Any CPU.ActiveCfg = Debug|Any CPU
		{0E0B57E0-D02F-46FD-B7F6-5AB1D3218635}.Debug|Any CPU.Build.0 = Debug|Any CPU
		{0E0B57E0-D02F-46FD-B7F6-5AB1D3218635}.Release|Any CPU.ActiveCfg = Release|Any CPU
		{0E0B57E0-D02F-46FD-B7F6-5AB1D3218635}.Release|Any CPU.Build.0 = Release|Any CPU
		{2E99AC55-7D92-42AD-9D85-7AACA5022A0A}.Debug|Any CPU.ActiveCfg = Debug|Any CPU
		{2E99AC55-7D92-42AD-9D85-7AACA5022A0A}.Debug|Any CPU.Build.0 = Debug|Any CPU
		{2E99AC55-7D92-42AD-9D85-7AACA5022A0A}.Release|Any CPU.ActiveCfg = Release|Any CPU
		{2E99AC55-7D92-42AD-9D85-7AACA5022A0A}.Release|Any CPU.Build.0 = Release|Any CPU
		{3A0A52E1-117C-4E4B-9731-5AAA8CED114A}.Debug|Any CPU.ActiveCfg = Debug|Any CPU
		{3A0A52E1-117C-4E4B-9731-5AAA8CED114A}.Debug|Any CPU.Build.0 = Debug|Any CPU
		{3A0A52E1-117C-4E4B-9731-5AAA8CED114A}.Release|Any CPU.ActiveCfg = Release|Any CPU
		{3A0A52E1-117C-4E4B-9731-5AAA8CED114A}.Release|Any CPU.Build.0 = Release|Any CPU
		{1A4888E4-D985-4FEB-B6C4-B84EB845C6BA}.Debug|Any CPU.ActiveCfg = Debug|Any CPU
		{1A4888E4-D985-4FEB-B6C4-B84EB845C6BA}.Debug|Any CPU.Build.0 = Debug|Any CPU
		{1A4888E4-D985-4FEB-B6C4-B84EB845C6BA}.Release|Any CPU.ActiveCfg = Release|Any CPU
		{1A4888E4-D985-4FEB-B6C4-B84EB845C6BA}.Release|Any CPU.Build.0 = Release|Any CPU
	EndGlobalSection
	GlobalSection(SolutionProperties) = preSolution
		HideSolutionNode = FALSE
	EndGlobalSection
	GlobalSection(ExtensibilityGlobals) = postSolution
		SolutionGuid = {4D34DAB5-2332-41DD-A133-3A5765237422}
	EndGlobalSection
EndGlobal
